
Microsoft Visual Studio Solution File, Format Version 12.00
# Visual Studio 15
Project("{FAE04EC0-301F-11D3-BF4B-00C04F79EFBC}") = "Assembly-CSharp", "Assembly-CSharp.csproj", "{A5C1F79E-35A3-D735-89B6-A053FAF086C1}"
EndProject
Project("{FAE04EC0-301F-11D3-BF4B-00C04F79EFBC}") = "GoogleMobileAds.Editor", "GoogleMobileAds.Editor.csproj", "{6FC200F5-D8FC-ABB3-1A01-ADBB186F685E}"
EndProject
Project("{FAE04EC0-301F-11D3-BF4B-00C04F79EFBC}") = "Assembly-CSharp-Editor", "Assembly-CSharp-Editor.csproj", "{B7535849-CE83-8DF2-667E-8A456665ECA1}"
EndProject
Global
	GlobalSection(SolutionConfigurationPlatforms) = preSolution
		Debug|Any CPU = Debug|Any CPU
		Release|Any CPU = Release|Any CPU
	EndGlobalSection
	GlobalSection(ProjectConfigurationPlatforms) = postSolution
		{A5C1F79E-35A3-D735-89B6-A053FAF086C1}.Debug|Any CPU.ActiveCfg = Debug|Any CPU
		{A5C1F79E-35A3-D735-89B6-A053FAF086C1}.Debug|Any CPU.Build.0 = Debug|Any CPU
		{A5C1F79E-35A3-D735-89B6-A053FAF086C1}.Release|Any CPU.ActiveCfg = Release|Any CPU
		{A5C1F79E-35A3-D735-89B6-A053FAF086C1}.Release|Any CPU.Build.0 = Release|Any CPU
		{6FC200F5-D8FC-ABB3-1A01-ADBB186F685E}.Debug|Any CPU.ActiveCfg = Debug|Any CPU
		{6FC200F5-D8FC-ABB3-1A01-ADBB186F685E}.Debug|Any CPU.Build.0 = Debug|Any CPU
		{6FC200F5-D8FC-ABB3-1A01-ADBB186F685E}.Release|Any CPU.ActiveCfg = Release|Any CPU
		{6FC200F5-D8FC-ABB3-1A01-ADBB186F685E}.Release|Any CPU.Build.0 = Release|Any CPU
		{B7535849-CE83-8DF2-667E-8A456665ECA1}.Debug|Any CPU.ActiveCfg = Debug|Any CPU
		{B7535849-CE83-8DF2-667E-8A456665ECA1}.Debug|Any CPU.Build.0 = Debug|Any CPU
		{B7535849-CE83-8DF2-667E-8A456665ECA1}.Release|Any CPU.ActiveCfg = Release|Any CPU
		{B7535849-CE83-8DF2-667E-8A456665ECA1}.Release|Any CPU.Build.0 = Release|Any CPU
	EndGlobalSection
	GlobalSection(SolutionProperties) = preSolution
		HideSolutionNode = FALSE
	EndGlobalSection
EndGlobal
